
Microsoft Visual Studio Solution File, Format Version 12.00
# Visual Studio Version 16
VisualStudioVersion = 16.0.30204.135
MinimumVisualStudioVersion = 10.0.40219.1
Project("{FAE04EC0-301F-11D3-BF4B-00C04F79EFBC}") = "Edge", "Edge.csproj", "{A3014A53-0C8A-4BA9-BC0F-12A97AA66E1D}"
EndProject
Global
	GlobalSection(SolutionConfigurationPlatforms) = preSolution
		Debug|Any CPU = Debug|Any CPU
		Release|Any CPU = Release|Any CPU
	EndGlobalSection
	GlobalSection(ProjectConfigurationPlatforms) = postSolution
		{A3014A53-0C8A-4BA9-BC0F-12A97AA66E1D}.Debug|Any CPU.ActiveCfg = Debug|Any CPU
		{A3014A53-0C8A-4BA9-BC0F-12A97AA66E1D}.Debug|Any CPU.Build.0 = Debug|Any CPU
		{A3014A53-0C8A-4BA9-BC0F-12A97AA66E1D}.Release|Any CPU.ActiveCfg = Release|Any CPU
		{A3014A53-0C8A-4BA9-BC0F-12A97AA66E1D}.Release|Any CPU.Build.0 = Release|Any CPU
	EndGlobalSection
	GlobalSection(SolutionProperties) = preSolution
		HideSolutionNode = FALSE
	EndGlobalSection
	GlobalSection(ExtensibilityGlobals) = postSolution
		SolutionGuid = {B76CEF8C-86CD-46B0-BE52-2DDBAF0C3EFF}
	EndGlobalSection
EndGlobal
